// !$*UTF8*$!
{
	archiveVersion = 1;
	classes = {
	};
	objectVersion = 48;
	objects = {

/* Begin PBXBuildFile section */
		382BE2662007B75F00EF22F9 /* AppDelegate.swift in Sources */ = {isa = PBXBuildFile; fileRef = 382BE2652007B75F00EF22F9 /* AppDelegate.swift */; };
		382BE26D2007B75F00EF22F9 /* Assets.xcassets in Resources */ = {isa = PBXBuildFile; fileRef = 382BE26C2007B75F00EF22F9 /* Assets.xcassets */; };
		382BE2702007B75F00EF22F9 /* LaunchScreen.storyboard in Resources */ = {isa = PBXBuildFile; fileRef = 382BE26E2007B75F00EF22F9 /* LaunchScreen.storyboard */; };
		382BE2782007B7AA00EF22F9 /* ChoseCocktailStoryboard.storyboard in Resources */ = {isa = PBXBuildFile; fileRef = 382BE2772007B7AA00EF22F9 /* ChoseCocktailStoryboard.storyboard */; };
		382BE27A2007B7CB00EF22F9 /* ChoseCocktailViewController.swift in Sources */ = {isa = PBXBuildFile; fileRef = 382BE2792007B7CB00EF22F9 /* ChoseCocktailViewController.swift */; };
		3850F5042008B81A000B5362 /* BaseViewControllerProtocol.swift in Sources */ = {isa = PBXBuildFile; fileRef = 3850F5032008B81A000B5362 /* BaseViewControllerProtocol.swift */; };
		3850F5072008B8EE000B5362 /* BaseCocktailData.swift in Sources */ = {isa = PBXBuildFile; fileRef = 3850F5062008B8EE000B5362 /* BaseCocktailData.swift */; };
		3850F50A2008BACC000B5362 /* BaseDrinkData.swift in Sources */ = {isa = PBXBuildFile; fileRef = 3850F5092008BACC000B5362 /* BaseDrinkData.swift */; };
		387F45B5201212F90091EEC0 /* iCarousel.m in Sources */ = {isa = PBXBuildFile; fileRef = 387F45B3201212F80091EEC0 /* iCarousel.m */; };
		3891C2372008A7C40082F232 /* BaseViewController.swift in Sources */ = {isa = PBXBuildFile; fileRef = 3891C2362008A7C40082F232 /* BaseViewController.swift */; };
		38CAA1D4200DFCD000681B13 /* ShowCokctailViewController.swift in Sources */ = {isa = PBXBuildFile; fileRef = 38CAA1D3200DFCD000681B13 /* ShowCokctailViewController.swift */; };
		38F608E1200E250F008891D3 /* ShowCokctailViewController.xib in Resources */ = {isa = PBXBuildFile; fileRef = 38F608E0200E250F008891D3 /* ShowCokctailViewController.xib */; };
		E4CA96A334B8D8F68BF86488 /* Pods_CocktailBar.framework in Frameworks */ = {isa = PBXBuildFile; fileRef = 00AF655EF00F05CEBF549933 /* Pods_CocktailBar.framework */; };
/* End PBXBuildFile section */

/* Begin PBXFileReference section */
		00AF655EF00F05CEBF549933 /* Pods_CocktailBar.framework */ = {isa = PBXFileReference; explicitFileType = wrapper.framework; includeInIndex = 0; path = Pods_CocktailBar.framework; sourceTree = BUILT_PRODUCTS_DIR; };
		11DFEEAF680856CFEF636B11 /* Pods-CocktailBar.release.xcconfig */ = {isa = PBXFileReference; includeInIndex = 1; lastKnownFileType = text.xcconfig; name = "Pods-CocktailBar.release.xcconfig"; path = "Pods/Target Support Files/Pods-CocktailBar/Pods-CocktailBar.release.xcconfig"; sourceTree = "<group>"; };
		382BE2622007B75F00EF22F9 /* CocktailBar.app */ = {isa = PBXFileReference; explicitFileType = wrapper.application; includeInIndex = 0; path = CocktailBar.app; sourceTree = BUILT_PRODUCTS_DIR; };
		382BE2652007B75F00EF22F9 /* AppDelegate.swift */ = {isa = PBXFileReference; lastKnownFileType = sourcecode.swift; path = AppDelegate.swift; sourceTree = "<group>"; };
		382BE26C2007B75F00EF22F9 /* Assets.xcassets */ = {isa = PBXFileReference; lastKnownFileType = folder.assetcatalog; path = Assets.xcassets; sourceTree = "<group>"; };
		382BE26F2007B75F00EF22F9 /* Base */ = {isa = PBXFileReference; lastKnownFileType = file.storyboard; name = Base; path = Base.lproj/LaunchScreen.storyboard; sourceTree = "<group>"; };
		382BE2712007B75F00EF22F9 /* Info.plist */ = {isa = PBXFileReference; lastKnownFileType = text.plist.xml; path = Info.plist; sourceTree = "<group>"; };
		382BE2772007B7AA00EF22F9 /* ChoseCocktailStoryboard.storyboard */ = {isa = PBXFileReference; lastKnownFileType = file.storyboard; path = ChoseCocktailStoryboard.storyboard; sourceTree = "<group>"; };
		382BE2792007B7CB00EF22F9 /* ChoseCocktailViewController.swift */ = {isa = PBXFileReference; lastKnownFileType = sourcecode.swift; path = ChoseCocktailViewController.swift; sourceTree = "<group>"; };
		3850F5032008B81A000B5362 /* BaseViewControllerProtocol.swift */ = {isa = PBXFileReference; lastKnownFileType = sourcecode.swift; path = BaseViewControllerProtocol.swift; sourceTree = "<group>"; };
		3850F5062008B8EE000B5362 /* BaseCocktailData.swift */ = {isa = PBXFileReference; lastKnownFileType = sourcecode.swift; path = BaseCocktailData.swift; sourceTree = "<group>"; };
		3850F5092008BACC000B5362 /* BaseDrinkData.swift */ = {isa = PBXFileReference; lastKnownFileType = sourcecode.swift; path = BaseDrinkData.swift; sourceTree = "<group>"; };
		387F45B2201212F70091EEC0 /* CocktailBar-Bridging-Header.h */ = {isa = PBXFileReference; lastKnownFileType = sourcecode.c.h; path = "CocktailBar-Bridging-Header.h"; sourceTree = "<group>"; };
		387F45B3201212F80091EEC0 /* iCarousel.m */ = {isa = PBXFileReference; fileEncoding = 4; lastKnownFileType = sourcecode.c.objc; path = iCarousel.m; sourceTree = "<group>"; };
		387F45B4201212F90091EEC0 /* iCarousel.h */ = {isa = PBXFileReference; fileEncoding = 4; lastKnownFileType = sourcecode.c.h; path = iCarousel.h; sourceTree = "<group>"; };
		3891C2362008A7C40082F232 /* BaseViewController.swift */ = {isa = PBXFileReference; lastKnownFileType = sourcecode.swift; path = BaseViewController.swift; sourceTree = "<group>"; };
		38CAA1D3200DFCD000681B13 /* ShowCokctailViewController.swift */ = {isa = PBXFileReference; lastKnownFileType = sourcecode.swift; path = ShowCokctailViewController.swift; sourceTree = "<group>"; };
		38F608E0200E250F008891D3 /* ShowCokctailViewController.xib */ = {isa = PBXFileReference; lastKnownFileType = file.xib; path = ShowCokctailViewController.xib; sourceTree = "<group>"; };
		392A7FF4C81CB713D0F78792 /* Pods-CocktailBar.debug.xcconfig */ = {isa = PBXFileReference; includeInIndex = 1; lastKnownFileType = text.xcconfig; name = "Pods-CocktailBar.debug.xcconfig"; path = "Pods/Target Support Files/Pods-CocktailBar/Pods-CocktailBar.debug.xcconfig"; sourceTree = "<group>"; };
/* End PBXFileReference section */

/* Begin PBXFrameworksBuildPhase section */
		382BE25F2007B75F00EF22F9 /* Frameworks */ = {
			isa = PBXFrameworksBuildPhase;
			buildActionMask = 2147483647;
			files = (
				E4CA96A334B8D8F68BF86488 /* Pods_CocktailBar.framework in Frameworks */,
			);
			runOnlyForDeploymentPostprocessing = 0;
		};
/* End PBXFrameworksBuildPhase section */

/* Begin PBXGroup section */
		382BE2592007B75F00EF22F9 = {
			isa = PBXGroup;
			children = (
				382BE2642007B75F00EF22F9 /* CocktailBar */,
				382BE2632007B75F00EF22F9 /* Products */,
				3DA84411C969B546274B122E /* Pods */,
				553D8628CDC0697021126D75 /* Frameworks */,
			);
			sourceTree = "<group>";
		};
		382BE2632007B75F00EF22F9 /* Products */ = {
			isa = PBXGroup;
			children = (
				382BE2622007B75F00EF22F9 /* CocktailBar.app */,
			);
			name = Products;
			sourceTree = "<group>";
		};
		382BE2642007B75F00EF22F9 /* CocktailBar */ = {
			isa = PBXGroup;
			children = (
				3891C2382008A7CF0082F232 /* base clases */,
				3850F5022008B5EB000B5362 /* chose cocktail */,
				38CAA1D5200DFCDA00681B13 /* show cocktail */,
				382BE26C2007B75F00EF22F9 /* Assets.xcassets */,
				382BE2652007B75F00EF22F9 /* AppDelegate.swift */,
				382BE26E2007B75F00EF22F9 /* LaunchScreen.storyboard */,
				382BE2712007B75F00EF22F9 /* Info.plist */,
				387F45B6201213370091EEC0 /* carousel */,
			);
			path = CocktailBar;
			sourceTree = "<group>";
		};
		3850F5022008B5EB000B5362 /* chose cocktail */ = {
			isa = PBXGroup;
			children = (
				382BE2772007B7AA00EF22F9 /* ChoseCocktailStoryboard.storyboard */,
				382BE2792007B7CB00EF22F9 /* ChoseCocktailViewController.swift */,
			);
			path = "chose cocktail";
			sourceTree = "<group>";
		};
		3850F5052008B8CD000B5362 /* View controller */ = {
			isa = PBXGroup;
			children = (
				3850F5032008B81A000B5362 /* BaseViewControllerProtocol.swift */,
				3891C2362008A7C40082F232 /* BaseViewController.swift */,
			);
			path = "View controller";
			sourceTree = "<group>";
		};
		3850F5082008B8F3000B5362 /* base data */ = {
			isa = PBXGroup;
			children = (
				3850F5062008B8EE000B5362 /* BaseCocktailData.swift */,
				3850F5092008BACC000B5362 /* BaseDrinkData.swift */,
			);
			path = "base data";
			sourceTree = "<group>";
		};
		387F45B6201213370091EEC0 /* carousel */ = {
			isa = PBXGroup;
			children = (
				387F45B4201212F90091EEC0 /* iCarousel.h */,
				387F45B3201212F80091EEC0 /* iCarousel.m */,
				387F45B2201212F70091EEC0 /* CocktailBar-Bridging-Header.h */,
			);
			path = carousel;
			sourceTree = "<group>";
		};
		3891C2382008A7CF0082F232 /* base clases */ = {
			isa = PBXGroup;
			children = (
				3850F5052008B8CD000B5362 /* View controller */,
				3850F5082008B8F3000B5362 /* base data */,
			);
			path = "base clases";
			sourceTree = "<group>";
		};
		38CAA1D5200DFCDA00681B13 /* show cocktail */ = {
			isa = PBXGroup;
			children = (
				38F608E0200E250F008891D3 /* ShowCokctailViewController.xib */,
				38CAA1D3200DFCD000681B13 /* ShowCokctailViewController.swift */,
			);
			path = "show cocktail";
			sourceTree = "<group>";
		};
		3DA84411C969B546274B122E /* Pods */ = {
			isa = PBXGroup;
			children = (
				392A7FF4C81CB713D0F78792 /* Pods-CocktailBar.debug.xcconfig */,
				11DFEEAF680856CFEF636B11 /* Pods-CocktailBar.release.xcconfig */,
			);
			name = Pods;
			sourceTree = "<group>";
		};
		553D8628CDC0697021126D75 /* Frameworks */ = {
			isa = PBXGroup;
			children = (
				00AF655EF00F05CEBF549933 /* Pods_CocktailBar.framework */,
			);
			name = Frameworks;
			sourceTree = "<group>";
		};
/* End PBXGroup section */

/* Begin PBXNativeTarget section */
		382BE2612007B75F00EF22F9 /* CocktailBar */ = {
			isa = PBXNativeTarget;
			buildConfigurationList = 382BE2742007B75F00EF22F9 /* Build configuration list for PBXNativeTarget "CocktailBar" */;
			buildPhases = (
				BE2FCA4CCC33973997A521FD /* [CP] Check Pods Manifest.lock */,
				382BE25E2007B75F00EF22F9 /* Sources */,
				382BE25F2007B75F00EF22F9 /* Frameworks */,
				382BE2602007B75F00EF22F9 /* Resources */,
				D408DE0B64260839FC9E0A46 /* [CP] Embed Pods Frameworks */,
				F931058E8AFC5982AF66461D /* [CP] Copy Pods Resources */,
			);
			buildRules = (
			);
			dependencies = (
			);
			name = CocktailBar;
			productName = CocktailBar;
			productReference = 382BE2622007B75F00EF22F9 /* CocktailBar.app */;
			productType = "com.apple.product-type.application";
		};
/* End PBXNativeTarget section */

/* Begin PBXProject section */
		382BE25A2007B75F00EF22F9 /* Project object */ = {
			isa = PBXProject;
			attributes = {
				LastSwiftUpdateCheck = 0920;
				LastUpgradeCheck = 0920;
				ORGANIZATIONNAME = "Lazar Andonov";
				TargetAttributes = {
					382BE2612007B75F00EF22F9 = {
						CreatedOnToolsVersion = 9.2;
						LastSwiftMigration = 0920;
						ProvisioningStyle = Automatic;
					};
				};
			};
			buildConfigurationList = 382BE25D2007B75F00EF22F9 /* Build configuration list for PBXProject "CocktailBar" */;
			compatibilityVersion = "Xcode 8.0";
			developmentRegion = en;
			hasScannedForEncodings = 0;
			knownRegions = (
				en,
				Base,
			);
			mainGroup = 382BE2592007B75F00EF22F9;
			productRefGroup = 382BE2632007B75F00EF22F9 /* Products */;
			projectDirPath = "";
			projectRoot = "";
			targets = (
				382BE2612007B75F00EF22F9 /* CocktailBar */,
			);
		};
/* End PBXProject section */

/* Begin PBXResourcesBuildPhase section */
		382BE2602007B75F00EF22F9 /* Resources */ = {
			isa = PBXResourcesBuildPhase;
			buildActionMask = 2147483647;
			files = (
				382BE2782007B7AA00EF22F9 /* ChoseCocktailStoryboard.storyboard in Resources */,
				382BE2702007B75F00EF22F9 /* LaunchScreen.storyboard in Resources */,
				382BE26D2007B75F00EF22F9 /* Assets.xcassets in Resources */,
				38F608E1200E250F008891D3 /* ShowCokctailViewController.xib in Resources */,
			);
			runOnlyForDeploymentPostprocessing = 0;
		};
/* End PBXResourcesBuildPhase section */

/* Begin PBXShellScriptBuildPhase section */
		BE2FCA4CCC33973997A521FD /* [CP] Check Pods Manifest.lock */ = {
			isa = PBXShellScriptBuildPhase;
			buildActionMask = 2147483647;
			files = (
			);
			inputPaths = (
				"${PODS_PODFILE_DIR_PATH}/Podfile.lock",
				"${PODS_ROOT}/Manifest.lock",
			);
			name = "[CP] Check Pods Manifest.lock";
			outputPaths = (
				"$(DERIVED_FILE_DIR)/Pods-CocktailBar-checkManifestLockResult.txt",
			);
			runOnlyForDeploymentPostprocessing = 0;
			shellPath = /bin/sh;
			shellScript = "diff \"${PODS_PODFILE_DIR_PATH}/Podfile.lock\" \"${PODS_ROOT}/Manifest.lock\" > /dev/null\nif [ $? != 0 ] ; then\n    # print error to STDERR\n    echo \"error: The sandbox is not in sync with the Podfile.lock. Run 'pod install' or update your CocoaPods installation.\" >&2\n    exit 1\nfi\n# This output is used by Xcode 'outputs' to avoid re-running this script phase.\necho \"SUCCESS\" > \"${SCRIPT_OUTPUT_FILE_0}\"\n";
			showEnvVarsInLog = 0;
		};
		D408DE0B64260839FC9E0A46 /* [CP] Embed Pods Frameworks */ = {
			isa = PBXShellScriptBuildPhase;
			buildActionMask = 2147483647;
			files = (
			);
			inputPaths = (
				"${SRCROOT}/Pods/Target Support Files/Pods-CocktailBar/Pods-CocktailBar-frameworks.sh",
				"${BUILT_PRODUCTS_DIR}/Alamofire/Alamofire.framework",
				"${BUILT_PRODUCTS_DIR}/SwiftyJSON/SwiftyJSON.framework",
			);
			name = "[CP] Embed Pods Frameworks";
			outputPaths = (
				"${TARGET_BUILD_DIR}/${FRAMEWORKS_FOLDER_PATH}/Alamofire.framework",
				"${TARGET_BUILD_DIR}/${FRAMEWORKS_FOLDER_PATH}/SwiftyJSON.framework",
			);
			runOnlyForDeploymentPostprocessing = 0;
			shellPath = /bin/sh;
			shellScript = "\"${SRCROOT}/Pods/Target Support Files/Pods-CocktailBar/Pods-CocktailBar-frameworks.sh\"\n";
			showEnvVarsInLog = 0;
		};
		F931058E8AFC5982AF66461D /* [CP] Copy Pods Resources */ = {
			isa = PBXShellScriptBuildPhase;
			buildActionMask = 2147483647;
			files = (
			);
			inputPaths = (
			);
			name = "[CP] Copy Pods Resources";
			outputPaths = (
			);
			runOnlyForDeploymentPostprocessing = 0;
			shellPath = /bin/sh;
			shellScript = "\"${SRCROOT}/Pods/Target Support Files/Pods-CocktailBar/Pods-CocktailBar-resources.sh\"\n";
			showEnvVarsInLog = 0;
		};
/* End PBXShellScriptBuildPhase section */

/* Begin PBXSourcesBuildPhase section */
		382BE25E2007B75F00EF22F9 /* Sources */ = {
			isa = PBXSourcesBuildPhase;
			buildActionMask = 2147483647;
			files = (
				382BE2662007B75F00EF22F9 /* AppDelegate.swift in Sources */,
				38CAA1D4200DFCD000681B13 /* ShowCokctailViewController.swift in Sources */,
				3850F50A2008BACC000B5362 /* BaseDrinkData.swift in Sources */,
				382BE27A2007B7CB00EF22F9 /* ChoseCocktailViewController.swift in Sources */,
				3850F5042008B81A000B5362 /* BaseViewControllerProtocol.swift in Sources */,
				387F45B5201212F90091EEC0 /* iCarousel.m in Sources */,
				3891C2372008A7C40082F232 /* BaseViewController.swift in Sources */,
				3850F5072008B8EE000B5362 /* BaseCocktailData.swift in Sources */,
			);
			runOnlyForDeploymentPostprocessing = 0;
		};
/* End PBXSourcesBuildPhase section */

/* Begin PBXVariantGroup section */
		382BE26E2007B75F00EF22F9 /* LaunchScreen.storyboard */ = {
			isa = PBXVariantGroup;
			children = (
				382BE26F2007B75F00EF22F9 /* Base */,
			);
			name = LaunchScreen.storyboard;
			sourceTree = "<group>";
		};
/* End PBXVariantGroup section */

/* Begin XCBuildConfiguration section */
		382BE2722007B75F00EF22F9 /* Debug */ = {
			isa = XCBuildConfiguration;
			buildSettings = {
				ALWAYS_SEARCH_USER_PATHS = NO;
				CLANG_ANALYZER_NONNULL = YES;
				CLANG_ANALYZER_NUMBER_OBJECT_CONVERSION = YES_AGGRESSIVE;
				CLANG_CXX_LANGUAGE_STANDARD = "gnu++14";
				CLANG_CXX_LIBRARY = "libc++";
				CLANG_ENABLE_MODULES = YES;
				CLANG_ENABLE_OBJC_ARC = YES;
				CLANG_WARN_BLOCK_CAPTURE_AUTORELEASING = YES;
				CLANG_WARN_BOOL_CONVERSION = YES;
				CLANG_WARN_COMMA = YES;
				CLANG_WARN_CONSTANT_CONVERSION = YES;
				CLANG_WARN_DIRECT_OBJC_ISA_USAGE = YES_ERROR;
				CLANG_WARN_DOCUMENTATION_COMMENTS = YES;
				CLANG_WARN_EMPTY_BODY = YES;
				CLANG_WARN_ENUM_CONVERSION = YES;
				CLANG_WARN_INFINITE_RECURSION = YES;
				CLANG_WARN_INT_CONVERSION = YES;
				CLANG_WARN_NON_LITERAL_NULL_CONVERSION = YES;
				CLANG_WARN_OBJC_LITERAL_CONVERSION = YES;
				CLANG_WARN_OBJC_ROOT_CLASS = YES_ERROR;
				CLANG_WARN_RANGE_LOOP_ANALYSIS = YES;
				CLANG_WARN_STRICT_PROTOTYPES = YES;
				CLANG_WARN_SUSPICIOUS_MOVE = YES;
				CLANG_WARN_UNGUARDED_AVAILABILITY = YES_AGGRESSIVE;
				CLANG_WARN_UNREACHABLE_CODE = YES;
				CLANG_WARN__DUPLICATE_METHOD_MATCH = YES;
				CODE_SIGN_IDENTITY = "iPhone Developer";
				COPY_PHASE_STRIP = NO;
				DEBUG_INFORMATION_FORMAT = dwarf;
				ENABLE_STRICT_OBJC_MSGSEND = YES;
				ENABLE_TESTABILITY = YES;
				GCC_C_LANGUAGE_STANDARD = gnu11;
				GCC_DYNAMIC_NO_PIC = NO;
				GCC_NO_COMMON_BLOCKS = YES;
				GCC_OPTIMIZATION_LEVEL = 0;
				GCC_PREPROCESSOR_DEFINITIONS = (
					"DEBUG=1",
					"$(inherited)",
				);
				GCC_WARN_64_TO_32_BIT_CONVERSION = YES;
				GCC_WARN_ABOUT_RETURN_TYPE = YES_ERROR;
				GCC_WARN_UNDECLARED_SELECTOR = YES;
				GCC_WARN_UNINITIALIZED_AUTOS = YES_AGGRESSIVE;
				GCC_WARN_UNUSED_FUNCTION = YES;
				GCC_WARN_UNUSED_VARIABLE = YES;
				IPHONEOS_DEPLOYMENT_TARGET = 11.2;
				MTL_ENABLE_DEBUG_INFO = YES;
				ONLY_ACTIVE_ARCH = YES;
				SDKROOT = iphoneos;
				SWIFT_ACTIVE_COMPILATION_CONDITIONS = DEBUG;
				SWIFT_OPTIMIZATION_LEVEL = "-Onone";
			};
			name = Debug;
		};
		382BE2732007B75F00EF22F9 /* Release */ = {
			isa = XCBuildConfiguration;
			buildSettings = {
				ALWAYS_SEARCH_USER_PATHS = NO;
				CLANG_ANALYZER_NONNULL = YES;
				CLANG_ANALYZER_NUMBER_OBJECT_CONVERSION = YES_AGGRESSIVE;
				CLANG_CXX_LANGUAGE_STANDARD = "gnu++14";
				CLANG_CXX_LIBRARY = "libc++";
				CLANG_ENABLE_MODULES = YES;
				CLANG_ENABLE_OBJC_ARC = YES;
				CLANG_WARN_BLOCK_CAPTURE_AUTORELEASING = YES;
				CLANG_WARN_BOOL_CONVERSION = YES;
				CLANG_WARN_COMMA = YES;
				CLANG_WARN_CONSTANT_CONVERSION = YES;
				CLANG_WARN_DIRECT_OBJC_ISA_USAGE = YES_ERROR;
				CLANG_WARN_DOCUMENTATION_COMMENTS = YES;
				CLANG_WARN_EMPTY_BODY = YES;
				CLANG_WARN_ENUM_CONVERSION = YES;
				CLANG_WARN_INFINITE_RECURSION = YES;
				CLANG_WARN_INT_CONVERSION = YES;
				CLANG_WARN_NON_LITERAL_NULL_CONVERSION = YES;
				CLANG_WARN_OBJC_LITERAL_CONVERSION = YES;
				CLANG_WARN_OBJC_ROOT_CLASS = YES_ERROR;
				CLANG_WARN_RANGE_LOOP_ANALYSIS = YES;
				CLANG_WARN_STRICT_PROTOTYPES = YES;
				CLANG_WARN_SUSPICIOUS_MOVE = YES;
				CLANG_WARN_UNGUARDED_AVAILABILITY = YES_AGGRESSIVE;
				CLANG_WARN_UNREACHABLE_CODE = YES;
				CLANG_WARN__DUPLICATE_METHOD_MATCH = YES;
				CODE_SIGN_IDENTITY = "iPhone Developer";
				COPY_PHASE_STRIP = NO;
				DEBUG_INFORMATION_FORMAT = "dwarf-with-dsym";
				ENABLE_NS_ASSERTIONS = NO;
				ENABLE_STRICT_OBJC_MSGSEND = YES;
				GCC_C_LANGUAGE_STANDARD = gnu11;
				GCC_NO_COMMON_BLOCKS = YES;
				GCC_WARN_64_TO_32_BIT_CONVERSION = YES;
				GCC_WARN_ABOUT_RETURN_TYPE = YES_ERROR;
				GCC_WARN_UNDECLARED_SELECTOR = YES;
				GCC_WARN_UNINITIALIZED_AUTOS = YES_AGGRESSIVE;
				GCC_WARN_UNUSED_FUNCTION = YES;
				GCC_WARN_UNUSED_VARIABLE = YES;
				IPHONEOS_DEPLOYMENT_TARGET = 11.2;
				MTL_ENABLE_DEBUG_INFO = NO;
				SDKROOT = iphoneos;
				SWIFT_OPTIMIZATION_LEVEL = "-Owholemodule";
				VALIDATE_PRODUCT = YES;
			};
			name = Release;
		};
		382BE2752007B75F00EF22F9 /* Debug */ = {
			isa = XCBuildConfiguration;
			baseConfigurationReference = 392A7FF4C81CB713D0F78792 /* Pods-CocktailBar.debug.xcconfig */;
			buildSettings = {
				ASSETCATALOG_COMPILER_APPICON_NAME = AppIcon;
				CLANG_ENABLE_MODULES = YES;
				CODE_SIGN_STYLE = Automatic;
				DEVELOPMENT_TEAM = E8796QJ873;
				INFOPLIST_FILE = CocktailBar/Info.plist;
				LD_RUNPATH_SEARCH_PATHS = "$(inherited) @executable_path/Frameworks";
				PRODUCT_BUNDLE_IDENTIFIER = str8.CocktailBar;
				PRODUCT_NAME = "$(TARGET_NAME)";
				SWIFT_OBJC_BRIDGING_HEADER = "CocktailBar/CocktailBar-Bridging-Header.h";
				SWIFT_OPTIMIZATION_LEVEL = "-Onone";
				SWIFT_VERSION = 4.0;
				TARGETED_DEVICE_FAMILY = "1,2";
			};
			name = Debug;
		};
		382BE2762007B75F00EF22F9 /* Release */ = {
			isa = XCBuildConfiguration;
			baseConfigurationReference = 11DFEEAF680856CFEF636B11 /* Pods-CocktailBar.release.xcconfig */;
			buildSettings = {
				ASSETCATALOG_COMPILER_APPICON_NAME = AppIcon;
				CLANG_ENABLE_MODULES = YES;
				CODE_SIGN_STYLE = Automatic;
				DEVELOPMENT_TEAM = E8796QJ873;
				INFOPLIST_FILE = CocktailBar/Info.plist;
				LD_RUNPATH_SEARCH_PATHS = "$(inherited) @executable_path/Frameworks";
				PRODUCT_BUNDLE_IDENTIFIER = str8.CocktailBar;
				PRODUCT_NAME = "$(TARGET_NAME)";
				SWIFT_OBJC_BRIDGING_HEADER = "CocktailBar/CocktailBar-Bridging-Header.h";
				SWIFT_VERSION = 4.0;
				TARGETED_DEVICE_FAMILY = "1,2";
			};
			name = Release;
		};
/* End XCBuildConfiguration section */

/* Begin XCConfigurationList section */
		382BE25D2007B75F00EF22F9 /* Build configuration list for PBXProject "CocktailBar" */ = {
			isa = XCConfigurationList;
			buildConfigurations = (
				382BE2722007B75F00EF22F9 /* Debug */,
				382BE2732007B75F00EF22F9 /* Release */,
			);
			defaultConfigurationIsVisible = 0;
			defaultConfigurationName = Release;
		};
		382BE2742007B75F00EF22F9 /* Build configuration list for PBXNativeTarget "CocktailBar" */ = {
			isa = XCConfigurationList;
			buildConfigurations = (
				382BE2752007B75F00EF22F9 /* Debug */,
				382BE2762007B75F00EF22F9 /* Release */,
			);
			defaultConfigurationIsVisible = 0;
			defaultConfigurationName = Release;
		};
/* End XCConfigurationList section */
	};
	rootObject = 382BE25A2007B75F00EF22F9 /* Project object */;
}
